// !$*UTF8*$!
{
	archiveVersion = 1;
	classes = {
	};
	objectVersion = 77;
	objects = {

/* Begin PBXContainerItemProxy section */
		321CF6FF2DE02BDF006D0FB9 /* PBXContainerItemProxy */ = {
			isa = PBXContainerItemProxy;
			containerPortal = 321CF6E52DE02BDE006D0FB9 /* Project object */;
			proxyType = 1;
			remoteGlobalIDString = 321CF6EC2DE02BDE006D0FB9;
			remoteInfo = QuestLogHUD;
		};
		321CF7092DE02BDF006D0FB9 /* PBXContainerItemProxy */ = {
			isa = PBXContainerItemProxy;
			containerPortal = 321CF6E52DE02BDE006D0FB9 /* Project object */;
			proxyType = 1;
			remoteGlobalIDString = 321CF6EC2DE02BDE006D0FB9;
			remoteInfo = QuestLogHUD;
		};
/* End PBXContainerItemProxy section */

/* Begin PBXFileReference section */
		321CF6ED2DE02BDE006D0FB9 /* QuestLogHUD.app */ = {isa = PBXFileReference; explicitFileType = wrapper.application; includeInIndex = 0; path = QuestLogHUD.app; sourceTree = BUILT_PRODUCTS_DIR; };
		321CF6FE2DE02BDF006D0FB9 /* QuestLogHUDTests.xctest */ = {isa = PBXFileReference; explicitFileType = wrapper.cfbundle; includeInIndex = 0; path = QuestLogHUDTests.xctest; sourceTree = BUILT_PRODUCTS_DIR; };
		321CF7082DE02BDF006D0FB9 /* QuestLogHUDUITests.xctest */ = {isa = PBXFileReference; explicitFileType = wrapper.cfbundle; includeInIndex = 0; path = QuestLogHUDUITests.xctest; sourceTree = BUILT_PRODUCTS_DIR; };
/* End PBXFileReference section */

/* Begin PBXFileSystemSynchronizedRootGroup section */
		321CF6EF2DE02BDE006D0FB9 /* QuestLogHUD */ = {
			isa = PBXFileSystemSynchronizedRootGroup;
			path = QuestLogHUD;
			sourceTree = "<group>";
		};
		321CF7012DE02BDF006D0FB9 /* QuestLogHUDTests */ = {
			isa = PBXFileSystemSynchronizedRootGroup;
			path = QuestLogHUDTests;
			sourceTree = "<group>";
		};
		321CF70B2DE02BDF006D0FB9 /* QuestLogHUDUITests */ = {
			isa = PBXFileSystemSynchronizedRootGroup;
			path = QuestLogHUDUITests;
			sourceTree = "<group>";
		};
/* End PBXFileSystemSynchronizedRootGroup section */

/* Begin PBXFrameworksBuildPhase section */
		321CF6EA2DE02BDE006D0FB9 /* Frameworks */ = {
			isa = PBXFrameworksBuildPhase;
			buildActionMask = 2147483647;
			files = (
			);
			runOnlyForDeploymentPostprocessing = 0;
		};
		321CF6FB2DE02BDF006D0FB9 /* Frameworks */ = {
			isa = PBXFrameworksBuildPhase;
			buildActionMask = 2147483647;
			files = (
			);
			runOnlyForDeploymentPostprocessing = 0;
		};
		321CF7052DE02BDF006D0FB9 /* Frameworks */ = {
			isa = PBXFrameworksBuildPhase;
			buildActionMask = 2147483647;
			files = (
			);
			runOnlyForDeploymentPostprocessing = 0;
		};
/* End PBXFrameworksBuildPhase section */

/* Begin PBXGroup section */
		321CF6E42DE02BDE006D0FB9 = {
			isa = PBXGroup;
			children = (
				321CF6EF2DE02BDE006D0FB9 /* QuestLogHUD */,
				321CF7012DE02BDF006D0FB9 /* QuestLogHUDTests */,
				321CF70B2DE02BDF006D0FB9 /* QuestLogHUDUITests */,
				321CF6EE2DE02BDE006D0FB9 /* Products */,
			);
			sourceTree = "<group>";
		};
		321CF6EE2DE02BDE006D0FB9 /* Products */ = {
			isa = PBXGroup;
			children = (
				321CF6ED2DE02BDE006D0FB9 /* QuestLogHUD.app */,
				321CF6FE2DE02BDF006D0FB9 /* QuestLogHUDTests.xctest */,
				321CF7082DE02BDF006D0FB9 /* QuestLogHUDUITests.xctest */,
			);
			name = Products;
			sourceTree = "<group>";
		};
/* End PBXGroup section */

/* Begin PBXNativeTarget section */
		321CF6EC2DE02BDE006D0FB9 /* QuestLogHUD */ = {
			isa = PBXNativeTarget;
			buildConfigurationList = 321CF7122DE02BDF006D0FB9 /* Build configuration list for PBXNativeTarget "QuestLogHUD" */;
			buildPhases = (
				321CF6E92DE02BDE006D0FB9 /* Sources */,
				321CF6EA2DE02BDE006D0FB9 /* Frameworks */,
				321CF6EB2DE02BDE006D0FB9 /* Resources */,
			);
			buildRules = (
			);
			dependencies = (
			);
			fileSystemSynchronizedGroups = (
				321CF6EF2DE02BDE006D0FB9 /* QuestLogHUD */,
			);
			name = QuestLogHUD;
			packageProductDependencies = (
			);
			productName = QuestLogHUD;
			productReference = 321CF6ED2DE02BDE006D0FB9 /* QuestLogHUD.app */;
			productType = "com.apple.product-type.application";
		};
		321CF6FD2DE02BDF006D0FB9 /* QuestLogHUDTests */ = {
			isa = PBXNativeTarget;
			buildConfigurationList = 321CF7152DE02BDF006D0FB9 /* Build configuration list for PBXNativeTarget "QuestLogHUDTests" */;
			buildPhases = (
				321CF6FA2DE02BDF006D0FB9 /* Sources */,
				321CF6FB2DE02BDF006D0FB9 /* Frameworks */,
				321CF6FC2DE02BDF006D0FB9 /* Resources */,
			);
			buildRules = (
			);
			dependencies = (
				321CF7002DE02BDF006D0FB9 /* PBXTargetDependency */,
			);
			fileSystemSynchronizedGroups = (
				321CF7012DE02BDF006D0FB9 /* QuestLogHUDTests */,
			);
			name = QuestLogHUDTests;
			packageProductDependencies = (
			);
			productName = QuestLogHUDTests;
			productReference = 321CF6FE2DE02BDF006D0FB9 /* QuestLogHUDTests.xctest */;
			productType = "com.apple.product-type.bundle.unit-test";
		};
		321CF7072DE02BDF006D0FB9 /* QuestLogHUDUITests */ = {
			isa = PBXNativeTarget;
			buildConfigurationList = 321CF7182DE02BDF006D0FB9 /* Build configuration list for PBXNativeTarget "QuestLogHUDUITests" */;
			buildPhases = (
				321CF7042DE02BDF006D0FB9 /* Sources */,
				321CF7052DE02BDF006D0FB9 /* Frameworks */,
				321CF7062DE02BDF006D0FB9 /* Resources */,
			);
			buildRules = (
			);
			dependencies = (
				321CF70A2DE02BDF006D0FB9 /* PBXTargetDependency */,
			);
			fileSystemSynchronizedGroups = (
				321CF70B2DE02BDF006D0FB9 /* QuestLogHUDUITests */,
			);
			name = QuestLogHUDUITests;
			packageProductDependencies = (
			);
			productName = QuestLogHUDUITests;
			productReference = 321CF7082DE02BDF006D0FB9 /* QuestLogHUDUITests.xctest */;
			productType = "com.apple.product-type.bundle.ui-testing";
		};
/* End PBXNativeTarget section */

/* Begin PBXProject section */
		321CF6E52DE02BDE006D0FB9 /* Project object */ = {
			isa = PBXProject;
			attributes = {
				BuildIndependentTargetsInParallel = 1;
				LastSwiftUpdateCheck = 1620;
				LastUpgradeCheck = 1620;
				TargetAttributes = {
					321CF6EC2DE02BDE006D0FB9 = {
						CreatedOnToolsVersion = 16.2;
					};
					321CF6FD2DE02BDF006D0FB9 = {
						CreatedOnToolsVersion = 16.2;
						TestTargetID = 321CF6EC2DE02BDE006D0FB9;
					};
					321CF7072DE02BDF006D0FB9 = {
						CreatedOnToolsVersion = 16.2;
						TestTargetID = 321CF6EC2DE02BDE006D0FB9;
					};
				};
			};
			buildConfigurationList = 321CF6E82DE02BDE006D0FB9 /* Build configuration list for PBXProject "QuestLogHUD" */;
			developmentRegion = en;
			hasScannedForEncodings = 0;
			knownRegions = (
				en,
				Base,
			);
			mainGroup = 321CF6E42DE02BDE006D0FB9;
			minimizedProjectReferenceProxies = 1;
			preferredProjectObjectVersion = 77;
			productRefGroup = 321CF6EE2DE02BDE006D0FB9 /* Products */;
			projectDirPath = "";
			projectRoot = "";
			targets = (
				321CF6EC2DE02BDE006D0FB9 /* QuestLogHUD */,
				321CF6FD2DE02BDF006D0FB9 /* QuestLogHUDTests */,
				321CF7072DE02BDF006D0FB9 /* QuestLogHUDUITests */,
			);
		};
/* End PBXProject section */

/* Begin PBXResourcesBuildPhase section */
		321CF6EB2DE02BDE006D0FB9 /* Resources */ = {
			isa = PBXResourcesBuildPhase;
			buildActionMask = 2147483647;
			files = (
			);
			runOnlyForDeploymentPostprocessing = 0;
		};
		321CF6FC2DE02BDF006D0FB9 /* Resources */ = {
			isa = PBXResourcesBuildPhase;
			buildActionMask = 2147483647;
			files = (
			);
			runOnlyForDeploymentPostprocessing = 0;
		};
		321CF7062DE02BDF006D0FB9 /* Resources */ = {
			isa = PBXResourcesBuildPhase;
			buildActionMask = 2147483647;
			files = (
			);
			runOnlyForDeploymentPostprocessing = 0;
		};
/* End PBXResourcesBuildPhase section */

/* Begin PBXSourcesBuildPhase section */
		321CF6E92DE02BDE006D0FB9 /* Sources */ = {
			isa = PBXSourcesBuildPhase;
			buildActionMask = 2147483647;
			files = (
			);
			runOnlyForDeploymentPostprocessing = 0;
		};
		321CF6FA2DE02BDF006D0FB9 /* Sources */ = {
			isa = PBXSourcesBuildPhase;
			buildActionMask = 2147483647;
			files = (
			);
			runOnlyForDeploymentPostprocessing = 0;
		};
		321CF7042DE02BDF006D0FB9 /* Sources */ = {
			isa = PBXSourcesBuildPhase;
			buildActionMask = 2147483647;
			files = (
			);
			runOnlyForDeploymentPostprocessing = 0;
		};
/* End PBXSourcesBuildPhase section */

/* Begin PBXTargetDependency section */
		321CF7002DE02BDF006D0FB9 /* PBXTargetDependency */ = {
			isa = PBXTargetDependency;
			target = 321CF6EC2DE02BDE006D0FB9 /* QuestLogHUD */;
			targetProxy = 321CF6FF2DE02BDF006D0FB9 /* PBXContainerItemProxy */;
		};
		321CF70A2DE02BDF006D0FB9 /* PBXTargetDependency */ = {
			isa = PBXTargetDependency;
			target = 321CF6EC2DE02BDE006D0FB9 /* QuestLogHUD */;
			targetProxy = 321CF7092DE02BDF006D0FB9 /* PBXContainerItemProxy */;
		};
/* End PBXTargetDependency section */

/* Begin XCBuildConfiguration section */
		321CF7102DE02BDF006D0FB9 /* Debug */ = {
			isa = XCBuildConfiguration;
			buildSettings = {
				ALWAYS_SEARCH_USER_PATHS = NO;
				ASSETCATALOG_COMPILER_GENERATE_SWIFT_ASSET_SYMBOL_EXTENSIONS = YES;
				CLANG_ANALYZER_NONNULL = YES;
				CLANG_ANALYZER_NUMBER_OBJECT_CONVERSION = YES_AGGRESSIVE;
				CLANG_CXX_LANGUAGE_STANDARD = "gnu++20";
				CLANG_ENABLE_MODULES = YES;
				CLANG_ENABLE_OBJC_ARC = YES;
				CLANG_ENABLE_OBJC_WEAK = YES;
				CLANG_WARN_BLOCK_CAPTURE_AUTORELEASING = YES;
				CLANG_WARN_BOOL_CONVERSION = YES;
				CLANG_WARN_COMMA = YES;
				CLANG_WARN_CONSTANT_CONVERSION = YES;
				CLANG_WARN_DEPRECATED_OBJC_IMPLEMENTATIONS = YES;
				CLANG_WARN_DIRECT_OBJC_ISA_USAGE = YES_ERROR;
				CLANG_WARN_DOCUMENTATION_COMMENTS = YES;
				CLANG_WARN_EMPTY_BODY = YES;
				CLANG_WARN_ENUM_CONVERSION = YES;
				CLANG_WARN_INFINITE_RECURSION = YES;
				CLANG_WARN_INT_CONVERSION = YES;
				CLANG_WARN_NON_LITERAL_NULL_CONVERSION = YES;
				CLANG_WARN_OBJC_IMPLICIT_RETAIN_SELF = YES;
				CLANG_WARN_OBJC_LITERAL_CONVERSION = YES;
				CLANG_WARN_OBJC_ROOT_CLASS = YES_ERROR;
				CLANG_WARN_QUOTED_INCLUDE_IN_FRAMEWORK_HEADER = YES;
				CLANG_WARN_RANGE_LOOP_ANALYSIS = YES;
				CLANG_WARN_STRICT_PROTOTYPES = YES;
				CLANG_WARN_SUSPICIOUS_MOVE = YES;
				CLANG_WARN_UNGUARDED_AVAILABILITY = YES_AGGRESSIVE;
				CLANG_WARN_UNREACHABLE_CODE = YES;
				CLANG_WARN__DUPLICATE_METHOD_MATCH = YES;
				COPY_PHASE_STRIP = NO;
				DEBUG_INFORMATION_FORMAT = dwarf;
				ENABLE_STRICT_OBJC_MSGSEND = YES;
				ENABLE_TESTABILITY = YES;
				ENABLE_USER_SCRIPT_SANDBOXING = YES;
				GCC_C_LANGUAGE_STANDARD = gnu17;
				GCC_DYNAMIC_NO_PIC = NO;
				GCC_NO_COMMON_BLOCKS = YES;
				GCC_OPTIMIZATION_LEVEL = 0;
				GCC_PREPROCESSOR_DEFINITIONS = (
					"DEBUG=1",
					"$(inherited)",
				);
				GCC_WARN_64_TO_32_BIT_CONVERSION = YES;
				GCC_WARN_ABOUT_RETURN_TYPE = YES_ERROR;
				GCC_WARN_UNDECLARED_SELECTOR = YES;
				GCC_WARN_UNINITIALIZED_AUTOS = YES_AGGRESSIVE;
				GCC_WARN_UNUSED_FUNCTION = YES;
				GCC_WARN_UNUSED_VARIABLE = YES;
				LOCALIZATION_PREFERS_STRING_CATALOGS = YES;
				MACOSX_DEPLOYMENT_TARGET = 14.6;
				MTL_ENABLE_DEBUG_INFO = INCLUDE_SOURCE;
				MTL_FAST_MATH = YES;
				ONLY_ACTIVE_ARCH = YES;
				SDKROOT = macosx;
				SWIFT_ACTIVE_COMPILATION_CONDITIONS = "DEBUG $(inherited)";
				SWIFT_OPTIMIZATION_LEVEL = "-Onone";
			};
			name = Debug;
		};
		321CF7112DE02BDF006D0FB9 /* Release */ = {
			isa = XCBuildConfiguration;
			buildSettings = {
				ALWAYS_SEARCH_USER_PATHS = NO;
				ASSETCATALOG_COMPILER_GENERATE_SWIFT_ASSET_SYMBOL_EXTENSIONS = YES;
				CLANG_ANALYZER_NONNULL = YES;
				CLANG_ANALYZER_NUMBER_OBJECT_CONVERSION = YES_AGGRESSIVE;
				CLANG_CXX_LANGUAGE_STANDARD = "gnu++20";
				CLANG_ENABLE_MODULES = YES;
				CLANG_ENABLE_OBJC_ARC = YES;
				CLANG_ENABLE_OBJC_WEAK = YES;
				CLANG_WARN_BLOCK_CAPTURE_AUTORELEASING = YES;
				CLANG_WARN_BOOL_CONVERSION = YES;
				CLANG_WARN_COMMA = YES;
				CLANG_WARN_CONSTANT_CONVERSION = YES;
				CLANG_WARN_DEPRECATED_OBJC_IMPLEMENTATIONS = YES;
				CLANG_WARN_DIRECT_OBJC_ISA_USAGE = YES_ERROR;
				CLANG_WARN_DOCUMENTATION_COMMENTS = YES;
				CLANG_WARN_EMPTY_BODY = YES;
				CLANG_WARN_ENUM_CONVERSION = YES;
				CLANG_WARN_INFINITE_RECURSION = YES;
				CLANG_WARN_INT_CONVERSION = YES;
				CLANG_WARN_NON_LITERAL_NULL_CONVERSION = YES;
				CLANG_WARN_OBJC_IMPLICIT_RETAIN_SELF = YES;
				CLANG_WARN_OBJC_LITERAL_CONVERSION = YES;
				CLANG_WARN_OBJC_ROOT_CLASS = YES_ERROR;
				CLANG_WARN_QUOTED_INCLUDE_IN_FRAMEWORK_HEADER = YES;
				CLANG_WARN_RANGE_LOOP_ANALYSIS = YES;
				CLANG_WARN_STRICT_PROTOTYPES = YES;
				CLANG_WARN_SUSPICIOUS_MOVE = YES;
				CLANG_WARN_UNGUARDED_AVAILABILITY = YES_AGGRESSIVE;
				CLANG_WARN_UNREACHABLE_CODE = YES;
				CLANG_WARN__DUPLICATE_METHOD_MATCH = YES;
				COPY_PHASE_STRIP = NO;
				DEBUG_INFORMATION_FORMAT = "dwarf-with-dsym";
				ENABLE_NS_ASSERTIONS = NO;
				ENABLE_STRICT_OBJC_MSGSEND = YES;
				ENABLE_USER_SCRIPT_SANDBOXING = YES;
				GCC_C_LANGUAGE_STANDARD = gnu17;
				GCC_NO_COMMON_BLOCKS = YES;
				GCC_WARN_64_TO_32_BIT_CONVERSION = YES;
				GCC_WARN_ABOUT_RETURN_TYPE = YES_ERROR;
				GCC_WARN_UNDECLARED_SELECTOR = YES;
				GCC_WARN_UNINITIALIZED_AUTOS = YES_AGGRESSIVE;
				GCC_WARN_UNUSED_FUNCTION = YES;
				GCC_WARN_UNUSED_VARIABLE = YES;
				LOCALIZATION_PREFERS_STRING_CATALOGS = YES;
				MACOSX_DEPLOYMENT_TARGET = 14.6;
				MTL_ENABLE_DEBUG_INFO = NO;
				MTL_FAST_MATH = YES;
				SDKROOT = macosx;
				SWIFT_COMPILATION_MODE = wholemodule;
			};
			name = Release;
		};
		321CF7132DE02BDF006D0FB9 /* Debug */ = {
			isa = XCBuildConfiguration;
			buildSettings = {
				ASSETCATALOG_COMPILER_APPICON_NAME = AppIcon;
				ASSETCATALOG_COMPILER_GLOBAL_ACCENT_COLOR_NAME = AccentColor;
				CODE_SIGN_ENTITLEMENTS = QuestLogHUD/QuestLogHUD.entitlements;
				CODE_SIGN_STYLE = Automatic;
				COMBINE_HIDPI_IMAGES = YES;
				CURRENT_PROJECT_VERSION = 1;
				DEVELOPMENT_ASSET_PATHS = "\"QuestLogHUD/Preview Content\"";
				DEVELOPMENT_TEAM = ZUEXP8S3CN;
				ENABLE_HARDENED_RUNTIME = YES;
				ENABLE_PREVIEWS = YES;
				GENERATE_INFOPLIST_FILE = YES;
				INFOPLIST_KEY_NSHumanReadableCopyright = "";
				LD_RUNPATH_SEARCH_PATHS = (
					"$(inherited)",
					"@executable_path/../Frameworks",
				);
				MARKETING_VERSION = 1.0;
				PRODUCT_BUNDLE_IDENTIFIER = ThiemWare.QuestLogHUD;
				PRODUCT_NAME = "$(TARGET_NAME)";
				SWIFT_EMIT_LOC_STRINGS = YES;
				SWIFT_VERSION = 5.0;
			};
			name = Debug;
		};
		321CF7142DE02BDF006D0FB9 /* Release */ = {
			isa = XCBuildConfiguration;
			buildSettings = {
				ASSETCATALOG_COMPILER_APPICON_NAME = AppIcon;
				ASSETCATALOG_COMPILER_GLOBAL_ACCENT_COLOR_NAME = AccentColor;
				CODE_SIGN_ENTITLEMENTS = QuestLogHUD/QuestLogHUD.entitlements;
				CODE_SIGN_STYLE = Automatic;
				COMBINE_HIDPI_IMAGES = YES;
				CURRENT_PROJECT_VERSION = 1;
				DEVELOPMENT_ASSET_PATHS = "\"QuestLogHUD/Preview Content\"";
				DEVELOPMENT_TEAM = ZUEXP8S3CN;
				ENABLE_HARDENED_RUNTIME = YES;
				ENABLE_PREVIEWS = YES;
				GENERATE_INFOPLIST_FILE = YES;
				INFOPLIST_KEY_NSHumanReadableCopyright = "";
				LD_RUNPATH_SEARCH_PATHS = (
					"$(inherited)",
					"@executable_path/../Frameworks",
				);
				MARKETING_VERSION = 1.0;
				PRODUCT_BUNDLE_IDENTIFIER = ThiemWare.QuestLogHUD;
				PRODUCT_NAME = "$(TARGET_NAME)";
				SWIFT_EMIT_LOC_STRINGS = YES;
				SWIFT_VERSION = 5.0;
			};
			name = Release;
		};
		321CF7162DE02BDF006D0FB9 /* Debug */ = {
			isa = XCBuildConfiguration;
			buildSettings = {
				BUNDLE_LOADER = "$(TEST_HOST)";
				CODE_SIGN_STYLE = Automatic;
				CURRENT_PROJECT_VERSION = 1;
				DEVELOPMENT_TEAM = ZUEXP8S3CN;
				GENERATE_INFOPLIST_FILE = YES;
				MACOSX_DEPLOYMENT_TARGET = 14.6;
				MARKETING_VERSION = 1.0;
				PRODUCT_BUNDLE_IDENTIFIER = ThiemWare.QuestLogHUDTests;
				PRODUCT_NAME = "$(TARGET_NAME)";
				SWIFT_EMIT_LOC_STRINGS = NO;
				SWIFT_VERSION = 5.0;
				TEST_HOST = "$(BUILT_PRODUCTS_DIR)/QuestLogHUD.app/$(BUNDLE_EXECUTABLE_FOLDER_PATH)/QuestLogHUD";
			};
			name = Debug;
		};
		321CF7172DE02BDF006D0FB9 /* Release */ = {
			isa = XCBuildConfiguration;
			buildSettings = {
				BUNDLE_LOADER = "$(TEST_HOST)";
				CODE_SIGN_STYLE = Automatic;
				CURRENT_PROJECT_VERSION = 1;
				DEVELOPMENT_TEAM = ZUEXP8S3CN;
				GENERATE_INFOPLIST_FILE = YES;
				MACOSX_DEPLOYMENT_TARGET = 14.6;
				MARKETING_VERSION = 1.0;
				PRODUCT_BUNDLE_IDENTIFIER = ThiemWare.QuestLogHUDTests;
				PRODUCT_NAME = "$(TARGET_NAME)";
				SWIFT_EMIT_LOC_STRINGS = NO;
				SWIFT_VERSION = 5.0;
				TEST_HOST = "$(BUILT_PRODUCTS_DIR)/QuestLogHUD.app/$(BUNDLE_EXECUTABLE_FOLDER_PATH)/QuestLogHUD";
			};
			name = Release;
		};
		321CF7192DE02BDF006D0FB9 /* Debug */ = {
			isa = XCBuildConfiguration;
			buildSettings = {
				CODE_SIGN_STYLE = Automatic;
				CURRENT_PROJECT_VERSION = 1;
				DEVELOPMENT_TEAM = ZUEXP8S3CN;
				GENERATE_INFOPLIST_FILE = YES;
				MARKETING_VERSION = 1.0;
				PRODUCT_BUNDLE_IDENTIFIER = ThiemWare.QuestLogHUDUITests;
				PRODUCT_NAME = "$(TARGET_NAME)";
				SWIFT_EMIT_LOC_STRINGS = NO;
				SWIFT_VERSION = 5.0;
				TEST_TARGET_NAME = QuestLogHUD;
			};
			name = Debug;
		};
		321CF71A2DE02BDF006D0FB9 /* Release */ = {
			isa = XCBuildConfiguration;
			buildSettings = {
				CODE_SIGN_STYLE = Automatic;
				CURRENT_PROJECT_VERSION = 1;
				DEVELOPMENT_TEAM = ZUEXP8S3CN;
				GENERATE_INFOPLIST_FILE = YES;
				MARKETING_VERSION = 1.0;
				PRODUCT_BUNDLE_IDENTIFIER = ThiemWare.QuestLogHUDUITests;
				PRODUCT_NAME = "$(TARGET_NAME)";
				SWIFT_EMIT_LOC_STRINGS = NO;
				SWIFT_VERSION = 5.0;
				TEST_TARGET_NAME = QuestLogHUD;
			};
			name = Release;
		};
/* End XCBuildConfiguration section */

/* Begin XCConfigurationList section */
		321CF6E82DE02BDE006D0FB9 /* Build configuration list for PBXProject "QuestLogHUD" */ = {
			isa = XCConfigurationList;
			buildConfigurations = (
				321CF7102DE02BDF006D0FB9 /* Debug */,
				321CF7112DE02BDF006D0FB9 /* Release */,
			);
			defaultConfigurationIsVisible = 0;
			defaultConfigurationName = Release;
		};
		321CF7122DE02BDF006D0FB9 /* Build configuration list for PBXNativeTarget "QuestLogHUD" */ = {
			isa = XCConfigurationList;
			buildConfigurations = (
				321CF7132DE02BDF006D0FB9 /* Debug */,
				321CF7142DE02BDF006D0FB9 /* Release */,
			);
			defaultConfigurationIsVisible = 0;
			defaultConfigurationName = Release;
		};
		321CF7152DE02BDF006D0FB9 /* Build configuration list for PBXNativeTarget "QuestLogHUDTests" */ = {
			isa = XCConfigurationList;
			buildConfigurations = (
				321CF7162DE02BDF006D0FB9 /* Debug */,
				321CF7172DE02BDF006D0FB9 /* Release */,
			);
			defaultConfigurationIsVisible = 0;
			defaultConfigurationName = Release;
		};
		321CF7182DE02BDF006D0FB9 /* Build configuration list for PBXNativeTarget "QuestLogHUDUITests" */ = {
			isa = XCConfigurationList;
			buildConfigurations = (
				321CF7192DE02BDF006D0FB9 /* Debug */,
				321CF71A2DE02BDF006D0FB9 /* Release */,
			);
			defaultConfigurationIsVisible = 0;
			defaultConfigurationName = Release;
		};
/* End XCConfigurationList section */
	};
	rootObject = 321CF6E52DE02BDE006D0FB9 /* Project object */;
}
